
Microsoft Visual Studio Solution File, Format Version 12.00
# Visual Studio Version 17
VisualStudioVersion = 17.2.32526.322
MinimumVisualStudioVersion = 10.0.40219.1
Project("{FAE04EC0-301F-11D3-BF4B-00C04F79EFBC}") = "ConexionADODatasetsEntity", "ConexionADODatasetsEntity\ConexionADODatasetsEntity.csproj", "{8A95C2F4-AF99-411F-8CAE-DFB9B3E60CD7}"
EndProject
Global
	GlobalSection(SolutionConfigurationPlatforms) = preSolution
		Debug|Any CPU = Debug|Any CPU
		Release|Any CPU = Release|Any CPU
	EndGlobalSection
	GlobalSection(ProjectConfigurationPlatforms) = postSolution
		{8A95C2F4-AF99-411F-8CAE-DFB9B3E60CD7}.Debug|Any CPU.ActiveCfg = Debug|Any CPU
		{8A95C2F4-AF99-411F-8CAE-DFB9B3E60CD7}.Debug|Any CPU.Build.0 = Debug|Any CPU
		{8A95C2F4-AF99-411F-8CAE-DFB9B3E60CD7}.Release|Any CPU.ActiveCfg = Release|Any CPU
		{8A95C2F4-AF99-411F-8CAE-DFB9B3E60CD7}.Release|Any CPU.Build.0 = Release|Any CPU
	EndGlobalSection
	GlobalSection(SolutionProperties) = preSolution
		HideSolutionNode = FALSE
	EndGlobalSection
	GlobalSection(ExtensibilityGlobals) = postSolution
		SolutionGuid = {E21C59EA-4FEB-40DE-B44F-64BA8FD1E8E7}
	EndGlobalSection
EndGlobal
